
Microsoft Visual Studio Solution File, Format Version 12.00
# Visual Studio Version 16
VisualStudioVersion = 16.0.29911.84
MinimumVisualStudioVersion = 10.0.40219.1
Project("{FAE04EC0-301F-11D3-BF4B-00C04F79EFBC}") = "RecruitmanagementSystem", "就職管理システム（教師）\RecruitmanagementSystem.csproj", "{CF8DF39B-1F6B-48D9-80FC-6058175B1E37}"
EndProject
Global
	GlobalSection(SolutionConfigurationPlatforms) = preSolution
		Debug|Any CPU = Debug|Any CPU
		Release|Any CPU = Release|Any CPU
	EndGlobalSection
	GlobalSection(ProjectConfigurationPlatforms) = postSolution
		{CF8DF39B-1F6B-48D9-80FC-6058175B1E37}.Debug|Any CPU.ActiveCfg = Debug|Any CPU
		{CF8DF39B-1F6B-48D9-80FC-6058175B1E37}.Debug|Any CPU.Build.0 = Debug|Any CPU
		{CF8DF39B-1F6B-48D9-80FC-6058175B1E37}.Release|Any CPU.ActiveCfg = Release|Any CPU
		{CF8DF39B-1F6B-48D9-80FC-6058175B1E37}.Release|Any CPU.Build.0 = Release|Any CPU
	EndGlobalSection
	GlobalSection(SolutionProperties) = preSolution
		HideSolutionNode = FALSE
	EndGlobalSection
	GlobalSection(ExtensibilityGlobals) = postSolution
		SolutionGuid = {2C76A55F-7459-42EF-B17F-7DF325AEDE3E}
	EndGlobalSection
EndGlobal
